// !$*UTF8*$!
{
	archiveVersion = 1;
	classes = {
	};
	objectVersion = 77;
	objects = {

/* Begin PBXBuildFile section */
		64697A9F2ECC8D68002BC16D /* AppsFlyerLib in Frameworks */ = {isa = PBXBuildFile; productRef = 64697A9E2ECC8D68002BC16D /* AppsFlyerLib */; };
		64697AA22ECC8D73002BC16D /* FlagsmithClient in Frameworks */ = {isa = PBXBuildFile; productRef = 64697AA12ECC8D73002BC16D /* FlagsmithClient */; };
		64697AA92ECC8E9E002BC16D /* OneSignalExtension in Frameworks */ = {isa = PBXBuildFile; productRef = 64697AA82ECC8E9E002BC16D /* OneSignalExtension */; };
		64697AAB2ECC8E9E002BC16D /* OneSignalFramework in Frameworks */ = {isa = PBXBuildFile; productRef = 64697AAA2ECC8E9E002BC16D /* OneSignalFramework */; };
		64697AB62ECC94C7002BC16D /* Assets.xcassets in Resources */ = {isa = PBXBuildFile; fileRef = 64697AAD2ECC94C7002BC16D /* Assets.xcassets */; };
		64697AB82ECC94C7002BC16D /* LaunchScreen.storyboard in Resources */ = {isa = PBXBuildFile; fileRef = 64697AB02ECC94C7002BC16D /* LaunchScreen.storyboard */; };
		64697AB92ECC94C7002BC16D /* Main.storyboard in Resources */ = {isa = PBXBuildFile; fileRef = 64697AB22ECC94C7002BC16D /* Main.storyboard */; };
		64697ABA2ECC94C7002BC16D /* AppDelegate.swift in Sources */ = {isa = PBXBuildFile; fileRef = 64697AAC2ECC94C7002BC16D /* AppDelegate.swift */; };
		64697ABC2ECC94C7002BC16D /* ViewController.swift in Sources */ = {isa = PBXBuildFile; fileRef = 64697AB42ECC94C7002BC16D /* ViewController.swift */; };
		64697AC02ECC94FE002BC16D /* AppsFlyerAttributionService.swift in Sources */ = {isa = PBXBuildFile; fileRef = 64697ABF2ECC94FE002BC16D /* AppsFlyerAttributionService.swift */; };
		64697AC22ECC96BD002BC16D /* DeviceIdsProvider.swift in Sources */ = {isa = PBXBuildFile; fileRef = 64697AC12ECC96BD002BC16D /* DeviceIdsProvider.swift */; };
		64697AC42ECC96C4002BC16D /* AppsFlyerAttributionModel.swift in Sources */ = {isa = PBXBuildFile; fileRef = 64697AC32ECC96C4002BC16D /* AppsFlyerAttributionModel.swift */; };
		64697AC62ECC96CA002BC16D /* FlagsmithService.swift in Sources */ = {isa = PBXBuildFile; fileRef = 64697AC52ECC96CA002BC16D /* FlagsmithService.swift */; };
		64697AC82ECC96CF002BC16D /* OfferLinks.swift in Sources */ = {isa = PBXBuildFile; fileRef = 64697AC72ECC96CF002BC16D /* OfferLinks.swift */; };
		64697ACA2ECC96D6002BC16D /* TrackingParams.swift in Sources */ = {isa = PBXBuildFile; fileRef = 64697AC92ECC96D6002BC16D /* TrackingParams.swift */; };
		64697ACC2ECC96DB002BC16D /* LinkBuilder.swift in Sources */ = {isa = PBXBuildFile; fileRef = 64697ACB2ECC96DB002BC16D /* LinkBuilder.swift */; };
		64697ACE2ECC96E4002BC16D /* WebViewController.swift in Sources */ = {isa = PBXBuildFile; fileRef = 64697ACD2ECC96E4002BC16D /* WebViewController.swift */; };
		64697AD02ECC96EA002BC16D /* StartView.swift in Sources */ = {isa = PBXBuildFile; fileRef = 64697ACF2ECC96EA002BC16D /* StartView.swift */; };
		648FB2102ECF52B200DF9702 /* AppConfig.swift in Sources */ = {isa = PBXBuildFile; fileRef = 648FB20F2ECF52B200DF9702 /* AppConfig.swift */; };
		648FB2122ED2083900DF9702 /* UserStatusService.swift in Sources */ = {isa = PBXBuildFile; fileRef = 648FB2112ED2083900DF9702 /* UserStatusService.swift */; };
		64F73ACE2ECE4B1F00F7A44A /* AppLogger.swift in Sources */ = {isa = PBXBuildFile; fileRef = 64F73ACD2ECE4B1F00F7A44A /* AppLogger.swift */; };
		64F73AD02ECE4B2F00F7A44A /* LogsViewController.swift in Sources */ = {isa = PBXBuildFile; fileRef = 64F73ACF2ECE4B2F00F7A44A /* LogsViewController.swift */; };
		64F73AD22ECE4D0300F7A44A /* ConsoleCapture.swift in Sources */ = {isa = PBXBuildFile; fileRef = 64F73AD12ECE4D0300F7A44A /* ConsoleCapture.swift */; };
/* End PBXBuildFile section */

/* Begin PBXFileReference section */
		640C36EC2ECE313800C1C35C /* LegendsGray.entitlements */ = {isa = PBXFileReference; lastKnownFileType = text.plist.entitlements; path = LegendsGray.entitlements; sourceTree = "<group>"; };
		64697A852ECC8CAC002BC16D /* LegendsGray.app */ = {isa = PBXFileReference; explicitFileType = wrapper.application; includeInIndex = 0; path = LegendsGray.app; sourceTree = BUILT_PRODUCTS_DIR; };
		64697AAC2ECC94C7002BC16D /* AppDelegate.swift */ = {isa = PBXFileReference; lastKnownFileType = sourcecode.swift; path = AppDelegate.swift; sourceTree = "<group>"; };
		64697AAD2ECC94C7002BC16D /* Assets.xcassets */ = {isa = PBXFileReference; lastKnownFileType = folder.assetcatalog; path = Assets.xcassets; sourceTree = "<group>"; };
		64697AAE2ECC94C7002BC16D /* Info.plist */ = {isa = PBXFileReference; lastKnownFileType = text.plist.xml; path = Info.plist; sourceTree = "<group>"; };
		64697AAF2ECC94C7002BC16D /* Base */ = {isa = PBXFileReference; lastKnownFileType = file.storyboard; name = Base; path = Base.lproj/LaunchScreen.storyboard; sourceTree = "<group>"; };
		64697AB12ECC94C7002BC16D /* Base */ = {isa = PBXFileReference; lastKnownFileType = file.storyboard; name = Base; path = Base.lproj/Main.storyboard; sourceTree = "<group>"; };
		64697AB42ECC94C7002BC16D /* ViewController.swift */ = {isa = PBXFileReference; lastKnownFileType = sourcecode.swift; path = ViewController.swift; sourceTree = "<group>"; };
		64697ABF2ECC94FE002BC16D /* AppsFlyerAttributionService.swift */ = {isa = PBXFileReference; lastKnownFileType = sourcecode.swift; path = AppsFlyerAttributionService.swift; sourceTree = "<group>"; };
		64697AC12ECC96BD002BC16D /* DeviceIdsProvider.swift */ = {isa = PBXFileReference; lastKnownFileType = sourcecode.swift; path = DeviceIdsProvider.swift; sourceTree = "<group>"; };
		64697AC32ECC96C4002BC16D /* AppsFlyerAttributionModel.swift */ = {isa = PBXFileReference; lastKnownFileType = sourcecode.swift; path = AppsFlyerAttributionModel.swift; sourceTree = "<group>"; };
		64697AC52ECC96CA002BC16D /* FlagsmithService.swift */ = {isa = PBXFileReference; lastKnownFileType = sourcecode.swift; path = FlagsmithService.swift; sourceTree = "<group>"; };
		64697AC72ECC96CF002BC16D /* OfferLinks.swift */ = {isa = PBXFileReference; lastKnownFileType = sourcecode.swift; path = OfferLinks.swift; sourceTree = "<group>"; };
		64697AC92ECC96D6002BC16D /* TrackingParams.swift */ = {isa = PBXFileReference; lastKnownFileType = sourcecode.swift; path = TrackingParams.swift; sourceTree = "<group>"; };
		64697ACB2ECC96DB002BC16D /* LinkBuilder.swift */ = {isa = PBXFileReference; lastKnownFileType = sourcecode.swift; path = LinkBuilder.swift; sourceTree = "<group>"; };
		64697ACD2ECC96E4002BC16D /* WebViewController.swift */ = {isa = PBXFileReference; lastKnownFileType = sourcecode.swift; path = WebViewController.swift; sourceTree = "<group>"; };
		64697ACF2ECC96EA002BC16D /* StartView.swift */ = {isa = PBXFileReference; lastKnownFileType = sourcecode.swift; path = StartView.swift; sourceTree = "<group>"; };
		648FB20F2ECF52B200DF9702 /* AppConfig.swift */ = {isa = PBXFileReference; lastKnownFileType = sourcecode.swift; path = AppConfig.swift; sourceTree = "<group>"; };
		648FB2112ED2083900DF9702 /* UserStatusService.swift */ = {isa = PBXFileReference; lastKnownFileType = sourcecode.swift; path = UserStatusService.swift; sourceTree = "<group>"; };
		64F73ACD2ECE4B1F00F7A44A /* AppLogger.swift */ = {isa = PBXFileReference; lastKnownFileType = sourcecode.swift; path = AppLogger.swift; sourceTree = "<group>"; };
		64F73ACF2ECE4B2F00F7A44A /* LogsViewController.swift */ = {isa = PBXFileReference; lastKnownFileType = sourcecode.swift; path = LogsViewController.swift; sourceTree = "<group>"; };
		64F73AD12ECE4D0300F7A44A /* ConsoleCapture.swift */ = {isa = PBXFileReference; lastKnownFileType = sourcecode.swift; path = ConsoleCapture.swift; sourceTree = "<group>"; };
/* End PBXFileReference section */

/* Begin PBXFrameworksBuildPhase section */
		64697A822ECC8CAC002BC16D /* Frameworks */ = {
			isa = PBXFrameworksBuildPhase;
			buildActionMask = 2147483647;
			files = (
				64697AAB2ECC8E9E002BC16D /* OneSignalFramework in Frameworks */,
				64697A9F2ECC8D68002BC16D /* AppsFlyerLib in Frameworks */,
				64697AA92ECC8E9E002BC16D /* OneSignalExtension in Frameworks */,
				64697AA22ECC8D73002BC16D /* FlagsmithClient in Frameworks */,
			);
			runOnlyForDeploymentPostprocessing = 0;
		};
/* End PBXFrameworksBuildPhase section */

/* Begin PBXGroup section */
		64697A7C2ECC8CAC002BC16D = {
			isa = PBXGroup;
			children = (
				64697AB52ECC94C7002BC16D /* LegendsGray */,
				64697A862ECC8CAC002BC16D /* Products */,
			);
			sourceTree = "<group>";
		};
		64697A862ECC8CAC002BC16D /* Products */ = {
			isa = PBXGroup;
			children = (
				64697A852ECC8CAC002BC16D /* LegendsGray.app */,
			);
			name = Products;
			sourceTree = "<group>";
		};
		64697AB52ECC94C7002BC16D /* LegendsGray */ = {
			isa = PBXGroup;
			children = (
				640C36EC2ECE313800C1C35C /* LegendsGray.entitlements */,
				64F73ACC2ECE4B1000F7A44A /* Logger */,
				64697ABE2ECC94CC002BC16D /* SUI */,
				64697ABD2ECC94C9002BC16D /* ServiceLayer */,
				64697AAD2ECC94C7002BC16D /* Assets.xcassets */,
				64697AAE2ECC94C7002BC16D /* Info.plist */,
				64697AB02ECC94C7002BC16D /* LaunchScreen.storyboard */,
				64697AB22ECC94C7002BC16D /* Main.storyboard */,
			);
			path = LegendsGray;
			sourceTree = "<group>";
		};
		64697ABD2ECC94C9002BC16D /* ServiceLayer */ = {
			isa = PBXGroup;
			children = (
				64697AAC2ECC94C7002BC16D /* AppDelegate.swift */,
				648FB20F2ECF52B200DF9702 /* AppConfig.swift */,
				64697AB42ECC94C7002BC16D /* ViewController.swift */,
				64697ABF2ECC94FE002BC16D /* AppsFlyerAttributionService.swift */,
				64697AC32ECC96C4002BC16D /* AppsFlyerAttributionModel.swift */,
				64697AC12ECC96BD002BC16D /* DeviceIdsProvider.swift */,
				64697AC52ECC96CA002BC16D /* FlagsmithService.swift */,
				64697AC72ECC96CF002BC16D /* OfferLinks.swift */,
				64697AC92ECC96D6002BC16D /* TrackingParams.swift */,
				64697ACB2ECC96DB002BC16D /* LinkBuilder.swift */,
				64697ACD2ECC96E4002BC16D /* WebViewController.swift */,
				648FB2112ED2083900DF9702 /* UserStatusService.swift */,
			);
			path = ServiceLayer;
			sourceTree = "<group>";
		};
		64697ABE2ECC94CC002BC16D /* SUI */ = {
			isa = PBXGroup;
			children = (
				64697ACF2ECC96EA002BC16D /* StartView.swift */,
			);
			path = SUI;
			sourceTree = "<group>";
		};
		64F73ACC2ECE4B1000F7A44A /* Logger */ = {
			isa = PBXGroup;
			children = (
				64F73ACD2ECE4B1F00F7A44A /* AppLogger.swift */,
				64F73ACF2ECE4B2F00F7A44A /* LogsViewController.swift */,
				64F73AD12ECE4D0300F7A44A /* ConsoleCapture.swift */,
			);
			path = Logger;
			sourceTree = "<group>";
		};
/* End PBXGroup section */

/* Begin PBXNativeTarget section */
		64697A842ECC8CAC002BC16D /* LegendsGray */ = {
			isa = PBXNativeTarget;
			buildConfigurationList = 64697A982ECC8CAE002BC16D /* Build configuration list for PBXNativeTarget "LegendsGray" */;
			buildPhases = (
				64697A812ECC8CAC002BC16D /* Sources */,
				64697A822ECC8CAC002BC16D /* Frameworks */,
				64697A832ECC8CAC002BC16D /* Resources */,
			);
			buildRules = (
			);
			dependencies = (
			);
			name = LegendsGray;
			packageProductDependencies = (
				64697A9E2ECC8D68002BC16D /* AppsFlyerLib */,
				64697AA12ECC8D73002BC16D /* FlagsmithClient */,
				64697AA82ECC8E9E002BC16D /* OneSignalExtension */,
				64697AAA2ECC8E9E002BC16D /* OneSignalFramework */,
			);
			productName = LegendsGray;
			productReference = 64697A852ECC8CAC002BC16D /* LegendsGray.app */;
			productType = "com.apple.product-type.application";
		};
/* End PBXNativeTarget section */

/* Begin PBXProject section */
		64697A7D2ECC8CAC002BC16D /* Project object */ = {
			isa = PBXProject;
			attributes = {
				BuildIndependentTargetsInParallel = 1;
				LastSwiftUpdateCheck = 1630;
				LastUpgradeCheck = 1630;
				TargetAttributes = {
					64697A842ECC8CAC002BC16D = {
						CreatedOnToolsVersion = 16.3;
					};
				};
			};
			buildConfigurationList = 64697A802ECC8CAC002BC16D /* Build configuration list for PBXProject "LegendsGray" */;
			developmentRegion = en;
			hasScannedForEncodings = 0;
			knownRegions = (
				en,
				Base,
			);
			mainGroup = 64697A7C2ECC8CAC002BC16D;
			minimizedProjectReferenceProxies = 1;
			packageReferences = (
				64697A9D2ECC8D68002BC16D /* XCRemoteSwiftPackageReference "AppsFlyerFramework" */,
				64697AA02ECC8D73002BC16D /* XCRemoteSwiftPackageReference "flagsmith-ios-client" */,
				64697AA72ECC8E9E002BC16D /* XCRemoteSwiftPackageReference "OneSignal-iOS-SDK" */,
			);
			preferredProjectObjectVersion = 77;
			productRefGroup = 64697A862ECC8CAC002BC16D /* Products */;
			projectDirPath = "";
			projectRoot = "";
			targets = (
				64697A842ECC8CAC002BC16D /* LegendsGray */,
			);
		};
/* End PBXProject section */

/* Begin PBXResourcesBuildPhase section */
		64697A832ECC8CAC002BC16D /* Resources */ = {
			isa = PBXResourcesBuildPhase;
			buildActionMask = 2147483647;
			files = (
				64697AB62ECC94C7002BC16D /* Assets.xcassets in Resources */,
				64697AB82ECC94C7002BC16D /* LaunchScreen.storyboard in Resources */,
				64697AB92ECC94C7002BC16D /* Main.storyboard in Resources */,
			);
			runOnlyForDeploymentPostprocessing = 0;
		};
/* End PBXResourcesBuildPhase section */

/* Begin PBXSourcesBuildPhase section */
		64697A812ECC8CAC002BC16D /* Sources */ = {
			isa = PBXSourcesBuildPhase;
			buildActionMask = 2147483647;
			files = (
				64697AC02ECC94FE002BC16D /* AppsFlyerAttributionService.swift in Sources */,
				648FB2102ECF52B200DF9702 /* AppConfig.swift in Sources */,
				64697ACE2ECC96E4002BC16D /* WebViewController.swift in Sources */,
				64697ABA2ECC94C7002BC16D /* AppDelegate.swift in Sources */,
				64F73ACE2ECE4B1F00F7A44A /* AppLogger.swift in Sources */,
				64697AD02ECC96EA002BC16D /* StartView.swift in Sources */,
				648FB2122ED2083900DF9702 /* UserStatusService.swift in Sources */,
				64697ACA2ECC96D6002BC16D /* TrackingParams.swift in Sources */,
				64697AC62ECC96CA002BC16D /* FlagsmithService.swift in Sources */,
				64697ACC2ECC96DB002BC16D /* LinkBuilder.swift in Sources */,
				64F73AD22ECE4D0300F7A44A /* ConsoleCapture.swift in Sources */,
				64697ABC2ECC94C7002BC16D /* ViewController.swift in Sources */,
				64697AC42ECC96C4002BC16D /* AppsFlyerAttributionModel.swift in Sources */,
				64F73AD02ECE4B2F00F7A44A /* LogsViewController.swift in Sources */,
				64697AC82ECC96CF002BC16D /* OfferLinks.swift in Sources */,
				64697AC22ECC96BD002BC16D /* DeviceIdsProvider.swift in Sources */,
			);
			runOnlyForDeploymentPostprocessing = 0;
		};
/* End PBXSourcesBuildPhase section */

/* Begin PBXVariantGroup section */
		64697AB02ECC94C7002BC16D /* LaunchScreen.storyboard */ = {
			isa = PBXVariantGroup;
			children = (
				64697AAF2ECC94C7002BC16D /* Base */,
			);
			name = LaunchScreen.storyboard;
			sourceTree = "<group>";
		};
		64697AB22ECC94C7002BC16D /* Main.storyboard */ = {
			isa = PBXVariantGroup;
			children = (
				64697AB12ECC94C7002BC16D /* Base */,
			);
			name = Main.storyboard;
			sourceTree = "<group>";
		};
/* End PBXVariantGroup section */

/* Begin XCBuildConfiguration section */
		64697A992ECC8CAE002BC16D /* Debug */ = {
			isa = XCBuildConfiguration;
			buildSettings = {
				ASSETCATALOG_COMPILER_APPICON_NAME = AppIcon;
				ASSETCATALOG_COMPILER_GLOBAL_ACCENT_COLOR_NAME = AccentColor;
				CODE_SIGN_ENTITLEMENTS = LegendsGray/LegendsGray.entitlements;
				CODE_SIGN_IDENTITY = "Apple Development";
				CODE_SIGN_STYLE = Automatic;
				CURRENT_PROJECT_VERSION = 1;
				DEVELOPMENT_TEAM = "";
				GENERATE_INFOPLIST_FILE = YES;
				INFOPLIST_FILE = LegendsGray/Info.plist;
				INFOPLIST_KEY_NSUserTrackingUsageDescription = "Tracking Usage Description";
				INFOPLIST_KEY_UIApplicationSupportsIndirectInputEvents = YES;
				INFOPLIST_KEY_UILaunchStoryboardName = LaunchScreen;
				INFOPLIST_KEY_UIMainStoryboardFile = Main;
				INFOPLIST_KEY_UISupportedInterfaceOrientations = UIInterfaceOrientationPortrait;
				INFOPLIST_KEY_UISupportedInterfaceOrientations_iPad = "UIInterfaceOrientationLandscapeLeft UIInterfaceOrientationLandscapeRight UIInterfaceOrientationPortrait UIInterfaceOrientationPortraitUpsideDown";
				LD_RUNPATH_SEARCH_PATHS = (
					"$(inherited)",
					"@executable_path/Frameworks",
				);
				MARKETING_VERSION = 14.0;
				PRODUCT_BUNDLE_IDENTIFIER = com.legendsserviceapp;
				PRODUCT_NAME = "$(TARGET_NAME)";
				PROVISIONING_PROFILE_SPECIFIER = "";
				SUPPORTED_PLATFORMS = "iphoneos iphonesimulator";
				SUPPORTS_MACCATALYST = NO;
				SUPPORTS_MAC_DESIGNED_FOR_IPHONE_IPAD = NO;
				SUPPORTS_XR_DESIGNED_FOR_IPHONE_IPAD = NO;
				SWIFT_EMIT_LOC_STRINGS = YES;
				SWIFT_VERSION = 5.0;
				TARGETED_DEVICE_FAMILY = 1;
			};
			name = Debug;
		};
		64697A9A2ECC8CAE002BC16D /* Release */ = {
			isa = XCBuildConfiguration;
			buildSettings = {
				ASSETCATALOG_COMPILER_APPICON_NAME = AppIcon;
				ASSETCATALOG_COMPILER_GLOBAL_ACCENT_COLOR_NAME = AccentColor;
				CODE_SIGN_ENTITLEMENTS = LegendsGray/LegendsGray.entitlements;
				CODE_SIGN_IDENTITY = "Apple Development";
				CODE_SIGN_STYLE = Automatic;
				CURRENT_PROJECT_VERSION = 1;
				DEVELOPMENT_TEAM = "";
				GENERATE_INFOPLIST_FILE = YES;
				INFOPLIST_FILE = LegendsGray/Info.plist;
				INFOPLIST_KEY_NSUserTrackingUsageDescription = "Tracking Usage Description";
				INFOPLIST_KEY_UIApplicationSupportsIndirectInputEvents = YES;
				INFOPLIST_KEY_UILaunchStoryboardName = LaunchScreen;
				INFOPLIST_KEY_UIMainStoryboardFile = Main;
				INFOPLIST_KEY_UISupportedInterfaceOrientations = UIInterfaceOrientationPortrait;
				INFOPLIST_KEY_UISupportedInterfaceOrientations_iPad = "UIInterfaceOrientationLandscapeLeft UIInterfaceOrientationLandscapeRight UIInterfaceOrientationPortrait UIInterfaceOrientationPortraitUpsideDown";
				LD_RUNPATH_SEARCH_PATHS = (
					"$(inherited)",
					"@executable_path/Frameworks",
				);
				MARKETING_VERSION = 14.0;
				PRODUCT_BUNDLE_IDENTIFIER = com.legendsserviceapp;
				PRODUCT_NAME = "$(TARGET_NAME)";
				PROVISIONING_PROFILE_SPECIFIER = "";
				SUPPORTED_PLATFORMS = "iphoneos iphonesimulator";
				SUPPORTS_MACCATALYST = NO;
				SUPPORTS_MAC_DESIGNED_FOR_IPHONE_IPAD = NO;
				SUPPORTS_XR_DESIGNED_FOR_IPHONE_IPAD = NO;
				SWIFT_EMIT_LOC_STRINGS = YES;
				SWIFT_VERSION = 5.0;
				TARGETED_DEVICE_FAMILY = 1;
			};
			name = Release;
		};
		64697A9B2ECC8CAE002BC16D /* Debug */ = {
			isa = XCBuildConfiguration;
			buildSettings = {
				ALWAYS_SEARCH_USER_PATHS = NO;
				ASSETCATALOG_COMPILER_GENERATE_SWIFT_ASSET_SYMBOL_EXTENSIONS = YES;
				CLANG_ANALYZER_NONNULL = YES;
				CLANG_ANALYZER_NUMBER_OBJECT_CONVERSION = YES_AGGRESSIVE;
				CLANG_CXX_LANGUAGE_STANDARD = "gnu++20";
				CLANG_ENABLE_MODULES = YES;
				CLANG_ENABLE_OBJC_ARC = YES;
				CLANG_ENABLE_OBJC_WEAK = YES;
				CLANG_WARN_BLOCK_CAPTURE_AUTORELEASING = YES;
				CLANG_WARN_BOOL_CONVERSION = YES;
				CLANG_WARN_COMMA = YES;
				CLANG_WARN_CONSTANT_CONVERSION = YES;
				CLANG_WARN_DEPRECATED_OBJC_IMPLEMENTATIONS = YES;
				CLANG_WARN_DIRECT_OBJC_ISA_USAGE = YES_ERROR;
				CLANG_WARN_DOCUMENTATION_COMMENTS = YES;
				CLANG_WARN_EMPTY_BODY = YES;
				CLANG_WARN_ENUM_CONVERSION = YES;
				CLANG_WARN_INFINITE_RECURSION = YES;
				CLANG_WARN_INT_CONVERSION = YES;
				CLANG_WARN_NON_LITERAL_NULL_CONVERSION = YES;
				CLANG_WARN_OBJC_IMPLICIT_RETAIN_SELF = YES;
				CLANG_WARN_OBJC_LITERAL_CONVERSION = YES;
				CLANG_WARN_OBJC_ROOT_CLASS = YES_ERROR;
				CLANG_WARN_QUOTED_INCLUDE_IN_FRAMEWORK_HEADER = YES;
				CLANG_WARN_RANGE_LOOP_ANALYSIS = YES;
				CLANG_WARN_STRICT_PROTOTYPES = YES;
				CLANG_WARN_SUSPICIOUS_MOVE = YES;
				CLANG_WARN_UNGUARDED_AVAILABILITY = YES_AGGRESSIVE;
				CLANG_WARN_UNREACHABLE_CODE = YES;
				CLANG_WARN__DUPLICATE_METHOD_MATCH = YES;
				COPY_PHASE_STRIP = NO;
				DEBUG_INFORMATION_FORMAT = dwarf;
				DEVELOPMENT_TEAM = W2Y3YV88F9;
				ENABLE_STRICT_OBJC_MSGSEND = YES;
				ENABLE_TESTABILITY = YES;
				ENABLE_USER_SCRIPT_SANDBOXING = YES;
				GCC_C_LANGUAGE_STANDARD = gnu17;
				GCC_DYNAMIC_NO_PIC = NO;
				GCC_NO_COMMON_BLOCKS = YES;
				GCC_OPTIMIZATION_LEVEL = 0;
				GCC_PREPROCESSOR_DEFINITIONS = (
					"DEBUG=1",
					"$(inherited)",
				);
				GCC_WARN_64_TO_32_BIT_CONVERSION = YES;
				GCC_WARN_ABOUT_RETURN_TYPE = YES_ERROR;
				GCC_WARN_UNDECLARED_SELECTOR = YES;
				GCC_WARN_UNINITIALIZED_AUTOS = YES_AGGRESSIVE;
				GCC_WARN_UNUSED_FUNCTION = YES;
				GCC_WARN_UNUSED_VARIABLE = YES;
				IPHONEOS_DEPLOYMENT_TARGET = 18.4;
				LOCALIZATION_PREFERS_STRING_CATALOGS = YES;
				MTL_ENABLE_DEBUG_INFO = INCLUDE_SOURCE;
				MTL_FAST_MATH = YES;
				ONLY_ACTIVE_ARCH = YES;
				SDKROOT = iphoneos;
				SWIFT_ACTIVE_COMPILATION_CONDITIONS = "DEBUG $(inherited)";
				SWIFT_OPTIMIZATION_LEVEL = "-Onone";
			};
			name = Debug;
		};
		64697A9C2ECC8CAE002BC16D /* Release */ = {
			isa = XCBuildConfiguration;
			buildSettings = {
				ALWAYS_SEARCH_USER_PATHS = NO;
				ASSETCATALOG_COMPILER_GENERATE_SWIFT_ASSET_SYMBOL_EXTENSIONS = YES;
				CLANG_ANALYZER_NONNULL = YES;
				CLANG_ANALYZER_NUMBER_OBJECT_CONVERSION = YES_AGGRESSIVE;
				CLANG_CXX_LANGUAGE_STANDARD = "gnu++20";
				CLANG_ENABLE_MODULES = YES;
				CLANG_ENABLE_OBJC_ARC = YES;
				CLANG_ENABLE_OBJC_WEAK = YES;
				CLANG_WARN_BLOCK_CAPTURE_AUTORELEASING = YES;
				CLANG_WARN_BOOL_CONVERSION = YES;
				CLANG_WARN_COMMA = YES;
				CLANG_WARN_CONSTANT_CONVERSION = YES;
				CLANG_WARN_DEPRECATED_OBJC_IMPLEMENTATIONS = YES;
				CLANG_WARN_DIRECT_OBJC_ISA_USAGE = YES_ERROR;
				CLANG_WARN_DOCUMENTATION_COMMENTS = YES;
				CLANG_WARN_EMPTY_BODY = YES;
				CLANG_WARN_ENUM_CONVERSION = YES;
				CLANG_WARN_INFINITE_RECURSION = YES;
				CLANG_WARN_INT_CONVERSION = YES;
				CLANG_WARN_NON_LITERAL_NULL_CONVERSION = YES;
				CLANG_WARN_OBJC_IMPLICIT_RETAIN_SELF = YES;
				CLANG_WARN_OBJC_LITERAL_CONVERSION = YES;
				CLANG_WARN_OBJC_ROOT_CLASS = YES_ERROR;
				CLANG_WARN_QUOTED_INCLUDE_IN_FRAMEWORK_HEADER = YES;
				CLANG_WARN_RANGE_LOOP_ANALYSIS = YES;
				CLANG_WARN_STRICT_PROTOTYPES = YES;
				CLANG_WARN_SUSPICIOUS_MOVE = YES;
				CLANG_WARN_UNGUARDED_AVAILABILITY = YES_AGGRESSIVE;
				CLANG_WARN_UNREACHABLE_CODE = YES;
				CLANG_WARN__DUPLICATE_METHOD_MATCH = YES;
				COPY_PHASE_STRIP = NO;
				DEBUG_INFORMATION_FORMAT = "dwarf-with-dsym";
				DEVELOPMENT_TEAM = W2Y3YV88F9;
				ENABLE_NS_ASSERTIONS = NO;
				ENABLE_STRICT_OBJC_MSGSEND = YES;
				ENABLE_USER_SCRIPT_SANDBOXING = YES;
				GCC_C_LANGUAGE_STANDARD = gnu17;
				GCC_NO_COMMON_BLOCKS = YES;
				GCC_WARN_64_TO_32_BIT_CONVERSION = YES;
				GCC_WARN_ABOUT_RETURN_TYPE = YES_ERROR;
				GCC_WARN_UNDECLARED_SELECTOR = YES;
				GCC_WARN_UNINITIALIZED_AUTOS = YES_AGGRESSIVE;
				GCC_WARN_UNUSED_FUNCTION = YES;
				GCC_WARN_UNUSED_VARIABLE = YES;
				IPHONEOS_DEPLOYMENT_TARGET = 18.4;
				LOCALIZATION_PREFERS_STRING_CATALOGS = YES;
				MTL_ENABLE_DEBUG_INFO = NO;
				MTL_FAST_MATH = YES;
				SDKROOT = iphoneos;
				SWIFT_COMPILATION_MODE = wholemodule;
				VALIDATE_PRODUCT = YES;
			};
			name = Release;
		};
/* End XCBuildConfiguration section */

/* Begin XCConfigurationList section */
		64697A802ECC8CAC002BC16D /* Build configuration list for PBXProject "LegendsGray" */ = {
			isa = XCConfigurationList;
			buildConfigurations = (
				64697A9B2ECC8CAE002BC16D /* Debug */,
				64697A9C2ECC8CAE002BC16D /* Release */,
			);
			defaultConfigurationIsVisible = 0;
			defaultConfigurationName = Release;
		};
		64697A982ECC8CAE002BC16D /* Build configuration list for PBXNativeTarget "LegendsGray" */ = {
			isa = XCConfigurationList;
			buildConfigurations = (
				64697A992ECC8CAE002BC16D /* Debug */,
				64697A9A2ECC8CAE002BC16D /* Release */,
			);
			defaultConfigurationIsVisible = 0;
			defaultConfigurationName = Release;
		};
/* End XCConfigurationList section */

/* Begin XCRemoteSwiftPackageReference section */
		64697A9D2ECC8D68002BC16D /* XCRemoteSwiftPackageReference "AppsFlyerFramework" */ = {
			isa = XCRemoteSwiftPackageReference;
			repositoryURL = "https://github.com/AppsFlyerSDK/AppsFlyerFramework";
			requirement = {
				kind = upToNextMajorVersion;
				minimumVersion = 6.17.7;
			};
		};
		64697AA02ECC8D73002BC16D /* XCRemoteSwiftPackageReference "flagsmith-ios-client" */ = {
			isa = XCRemoteSwiftPackageReference;
			repositoryURL = "https://github.com/Flagsmith/flagsmith-ios-client.git";
			requirement = {
				kind = upToNextMajorVersion;
				minimumVersion = 3.8.1;
			};
		};
		64697AA72ECC8E9E002BC16D /* XCRemoteSwiftPackageReference "OneSignal-iOS-SDK" */ = {
			isa = XCRemoteSwiftPackageReference;
			repositoryURL = "https://github.com/OneSignal/OneSignal-iOS-SDK";
			requirement = {
				kind = upToNextMajorVersion;
				minimumVersion = 5.2.15;
			};
		};
/* End XCRemoteSwiftPackageReference section */

/* Begin XCSwiftPackageProductDependency section */
		64697A9E2ECC8D68002BC16D /* AppsFlyerLib */ = {
			isa = XCSwiftPackageProductDependency;
			package = 64697A9D2ECC8D68002BC16D /* XCRemoteSwiftPackageReference "AppsFlyerFramework" */;
			productName = AppsFlyerLib;
		};
		64697AA12ECC8D73002BC16D /* FlagsmithClient */ = {
			isa = XCSwiftPackageProductDependency;
			package = 64697AA02ECC8D73002BC16D /* XCRemoteSwiftPackageReference "flagsmith-ios-client" */;
			productName = FlagsmithClient;
		};
		64697AA82ECC8E9E002BC16D /* OneSignalExtension */ = {
			isa = XCSwiftPackageProductDependency;
			package = 64697AA72ECC8E9E002BC16D /* XCRemoteSwiftPackageReference "OneSignal-iOS-SDK" */;
			productName = OneSignalExtension;
		};
		64697AAA2ECC8E9E002BC16D /* OneSignalFramework */ = {
			isa = XCSwiftPackageProductDependency;
			package = 64697AA72ECC8E9E002BC16D /* XCRemoteSwiftPackageReference "OneSignal-iOS-SDK" */;
			productName = OneSignalFramework;
		};
/* End XCSwiftPackageProductDependency section */
	};
	rootObject = 64697A7D2ECC8CAC002BC16D /* Project object */;
}
